// !$*UTF8*$!
{
	archiveVersion = 1;
	classes = {
	};
	objectVersion = 56;
	objects = {

/* Begin PBXBuildFile section */
		685E7E5E29ED8F22000DEE33 /* AppDelegate.swift in Sources */ = {isa = PBXBuildFile; fileRef = 685E7E5D29ED8F22000DEE33 /* AppDelegate.swift */; };
		685E7E6029ED8F22000DEE33 /* SceneDelegate.swift in Sources */ = {isa = PBXBuildFile; fileRef = 685E7E5F29ED8F22000DEE33 /* SceneDelegate.swift */; };
		685E7E6529ED8F22000DEE33 /* Main.storyboard in Resources */ = {isa = PBXBuildFile; fileRef = 685E7E6329ED8F22000DEE33 /* Main.storyboard */; };
		685E7E6729ED8F23000DEE33 /* Assets.xcassets in Resources */ = {isa = PBXBuildFile; fileRef = 685E7E6629ED8F23000DEE33 /* Assets.xcassets */; };
		685E7E6A29ED8F23000DEE33 /* LaunchScreen.storyboard in Resources */ = {isa = PBXBuildFile; fileRef = 685E7E6829ED8F23000DEE33 /* LaunchScreen.storyboard */; };
		685E7E7529ED9098000DEE33 /* MusicTableViewController.swift in Sources */ = {isa = PBXBuildFile; fileRef = 685E7E7429ED9098000DEE33 /* MusicTableViewController.swift */; };
		685E7E7829ED946F000DEE33 /* DataManager.swift in Sources */ = {isa = PBXBuildFile; fileRef = 685E7E7729ED946F000DEE33 /* DataManager.swift */; };
		685E7E7A29ED94D9000DEE33 /* Song.swift in Sources */ = {isa = PBXBuildFile; fileRef = 685E7E7929ED94D9000DEE33 /* Song.swift */; };
		685E7E7C29ED9826000DEE33 /* DetailViewController.swift in Sources */ = {isa = PBXBuildFile; fileRef = 685E7E7B29ED9826000DEE33 /* DetailViewController.swift */; };
		685E7E7E29ED9DD8000DEE33 /* MoviesTableViewCell.swift in Sources */ = {isa = PBXBuildFile; fileRef = 685E7E7D29ED9DD8000DEE33 /* MoviesTableViewCell.swift */; };
		685E7E8029ED9E7E000DEE33 /* MovieTableViewController.swift in Sources */ = {isa = PBXBuildFile; fileRef = 685E7E7F29ED9E7E000DEE33 /* MovieTableViewController.swift */; };
/* End PBXBuildFile section */

/* Begin PBXFileReference section */
		685E7E5A29ED8F22000DEE33 /* TableList.app */ = {isa = PBXFileReference; explicitFileType = wrapper.application; includeInIndex = 0; path = TableList.app; sourceTree = BUILT_PRODUCTS_DIR; };
		685E7E5D29ED8F22000DEE33 /* AppDelegate.swift */ = {isa = PBXFileReference; lastKnownFileType = sourcecode.swift; path = AppDelegate.swift; sourceTree = "<group>"; };
		685E7E5F29ED8F22000DEE33 /* SceneDelegate.swift */ = {isa = PBXFileReference; lastKnownFileType = sourcecode.swift; path = SceneDelegate.swift; sourceTree = "<group>"; };
		685E7E6429ED8F22000DEE33 /* Base */ = {isa = PBXFileReference; lastKnownFileType = file.storyboard; name = Base; path = Base.lproj/Main.storyboard; sourceTree = "<group>"; };
		685E7E6629ED8F23000DEE33 /* Assets.xcassets */ = {isa = PBXFileReference; lastKnownFileType = folder.assetcatalog; path = Assets.xcassets; sourceTree = "<group>"; };
		685E7E6929ED8F23000DEE33 /* Base */ = {isa = PBXFileReference; lastKnownFileType = file.storyboard; name = Base; path = Base.lproj/LaunchScreen.storyboard; sourceTree = "<group>"; };
		685E7E6B29ED8F23000DEE33 /* Info.plist */ = {isa = PBXFileReference; lastKnownFileType = text.plist.xml; path = Info.plist; sourceTree = "<group>"; };
		685E7E7429ED9098000DEE33 /* MusicTableViewController.swift */ = {isa = PBXFileReference; lastKnownFileType = sourcecode.swift; path = MusicTableViewController.swift; sourceTree = "<group>"; };
		685E7E7729ED946F000DEE33 /* DataManager.swift */ = {isa = PBXFileReference; lastKnownFileType = sourcecode.swift; path = DataManager.swift; sourceTree = "<group>"; };
		685E7E7929ED94D9000DEE33 /* Song.swift */ = {isa = PBXFileReference; lastKnownFileType = sourcecode.swift; path = Song.swift; sourceTree = "<group>"; };
		685E7E7B29ED9826000DEE33 /* DetailViewController.swift */ = {isa = PBXFileReference; lastKnownFileType = sourcecode.swift; path = DetailViewController.swift; sourceTree = "<group>"; };
		685E7E7D29ED9DD8000DEE33 /* MoviesTableViewCell.swift */ = {isa = PBXFileReference; lastKnownFileType = sourcecode.swift; path = MoviesTableViewCell.swift; sourceTree = "<group>"; };
		685E7E7F29ED9E7E000DEE33 /* MovieTableViewController.swift */ = {isa = PBXFileReference; lastKnownFileType = sourcecode.swift; path = MovieTableViewController.swift; sourceTree = "<group>"; };
/* End PBXFileReference section */

/* Begin PBXFrameworksBuildPhase section */
		685E7E5729ED8F22000DEE33 /* Frameworks */ = {
			isa = PBXFrameworksBuildPhase;
			buildActionMask = 2147483647;
			files = (
			);
			runOnlyForDeploymentPostprocessing = 0;
		};
/* End PBXFrameworksBuildPhase section */

/* Begin PBXGroup section */
		685E7E5129ED8F22000DEE33 = {
			isa = PBXGroup;
			children = (
				685E7E5C29ED8F22000DEE33 /* TableList */,
				685E7E5B29ED8F22000DEE33 /* Products */,
			);
			sourceTree = "<group>";
		};
		685E7E5B29ED8F22000DEE33 /* Products */ = {
			isa = PBXGroup;
			children = (
				685E7E5A29ED8F22000DEE33 /* TableList.app */,
			);
			name = Products;
			sourceTree = "<group>";
		};
		685E7E5C29ED8F22000DEE33 /* TableList */ = {
			isa = PBXGroup;
			children = (
				685E7E7129ED9054000DEE33 /* AppDelegate */,
				685E7E7629ED943B000DEE33 /* Model */,
				685E7E7229ED9063000DEE33 /* View */,
				685E7E7329ED906B000DEE33 /* Controller */,
				685E7E6629ED8F23000DEE33 /* Assets.xcassets */,
				685E7E6B29ED8F23000DEE33 /* Info.plist */,
			);
			path = TableList;
			sourceTree = "<group>";
		};
		685E7E7129ED9054000DEE33 /* AppDelegate */ = {
			isa = PBXGroup;
			children = (
				685E7E5D29ED8F22000DEE33 /* AppDelegate.swift */,
				685E7E5F29ED8F22000DEE33 /* SceneDelegate.swift */,
			);
			path = AppDelegate;
			sourceTree = "<group>";
		};
		685E7E7229ED9063000DEE33 /* View */ = {
			isa = PBXGroup;
			children = (
				685E7E6329ED8F22000DEE33 /* Main.storyboard */,
				685E7E6829ED8F23000DEE33 /* LaunchScreen.storyboard */,
			);
			path = View;
			sourceTree = "<group>";
		};
		685E7E7329ED906B000DEE33 /* Controller */ = {
			isa = PBXGroup;
			children = (
				685E7E7429ED9098000DEE33 /* MusicTableViewController.swift */,
				685E7E7B29ED9826000DEE33 /* DetailViewController.swift */,
				685E7E7D29ED9DD8000DEE33 /* MoviesTableViewCell.swift */,
				685E7E7F29ED9E7E000DEE33 /* MovieTableViewController.swift */,
			);
			path = Controller;
			sourceTree = "<group>";
		};
		685E7E7629ED943B000DEE33 /* Model */ = {
			isa = PBXGroup;
			children = (
				685E7E7729ED946F000DEE33 /* DataManager.swift */,
				685E7E7929ED94D9000DEE33 /* Song.swift */,
			);
			path = Model;
			sourceTree = "<group>";
		};
/* End PBXGroup section */

/* Begin PBXNativeTarget section */
		685E7E5929ED8F22000DEE33 /* TableList */ = {
			isa = PBXNativeTarget;
			buildConfigurationList = 685E7E6E29ED8F23000DEE33 /* Build configuration list for PBXNativeTarget "TableList" */;
			buildPhases = (
				685E7E5629ED8F22000DEE33 /* Sources */,
				685E7E5729ED8F22000DEE33 /* Frameworks */,
				685E7E5829ED8F22000DEE33 /* Resources */,
			);
			buildRules = (
			);
			dependencies = (
			);
			name = TableList;
			productName = TableList;
			productReference = 685E7E5A29ED8F22000DEE33 /* TableList.app */;
			productType = "com.apple.product-type.application";
		};
/* End PBXNativeTarget section */

/* Begin PBXProject section */
		685E7E5229ED8F22000DEE33 /* Project object */ = {
			isa = PBXProject;
			attributes = {
				BuildIndependentTargetsInParallel = 1;
				LastSwiftUpdateCheck = 1430;
				LastUpgradeCheck = 1430;
				TargetAttributes = {
					685E7E5929ED8F22000DEE33 = {
						CreatedOnToolsVersion = 14.3;
					};
				};
			};
			buildConfigurationList = 685E7E5529ED8F22000DEE33 /* Build configuration list for PBXProject "TableList" */;
			compatibilityVersion = "Xcode 14.0";
			developmentRegion = en;
			hasScannedForEncodings = 0;
			knownRegions = (
				en,
				Base,
			);
			mainGroup = 685E7E5129ED8F22000DEE33;
			productRefGroup = 685E7E5B29ED8F22000DEE33 /* Products */;
			projectDirPath = "";
			projectRoot = "";
			targets = (
				685E7E5929ED8F22000DEE33 /* TableList */,
			);
		};
/* End PBXProject section */

/* Begin PBXResourcesBuildPhase section */
		685E7E5829ED8F22000DEE33 /* Resources */ = {
			isa = PBXResourcesBuildPhase;
			buildActionMask = 2147483647;
			files = (
				685E7E6A29ED8F23000DEE33 /* LaunchScreen.storyboard in Resources */,
				685E7E6729ED8F23000DEE33 /* Assets.xcassets in Resources */,
				685E7E6529ED8F22000DEE33 /* Main.storyboard in Resources */,
			);
			runOnlyForDeploymentPostprocessing = 0;
		};
/* End PBXResourcesBuildPhase section */

/* Begin PBXSourcesBuildPhase section */
		685E7E5629ED8F22000DEE33 /* Sources */ = {
			isa = PBXSourcesBuildPhase;
			buildActionMask = 2147483647;
			files = (
				685E7E8029ED9E7E000DEE33 /* MovieTableViewController.swift in Sources */,
				685E7E5E29ED8F22000DEE33 /* AppDelegate.swift in Sources */,
				685E7E7829ED946F000DEE33 /* DataManager.swift in Sources */,
				685E7E6029ED8F22000DEE33 /* SceneDelegate.swift in Sources */,
				685E7E7C29ED9826000DEE33 /* DetailViewController.swift in Sources */,
				685E7E7529ED9098000DEE33 /* MusicTableViewController.swift in Sources */,
				685E7E7E29ED9DD8000DEE33 /* MoviesTableViewCell.swift in Sources */,
				685E7E7A29ED94D9000DEE33 /* Song.swift in Sources */,
			);
			runOnlyForDeploymentPostprocessing = 0;
		};
/* End PBXSourcesBuildPhase section */

/* Begin PBXVariantGroup section */
		685E7E6329ED8F22000DEE33 /* Main.storyboard */ = {
			isa = PBXVariantGroup;
			children = (
				685E7E6429ED8F22000DEE33 /* Base */,
			);
			name = Main.storyboard;
			sourceTree = "<group>";
		};
		685E7E6829ED8F23000DEE33 /* LaunchScreen.storyboard */ = {
			isa = PBXVariantGroup;
			children = (
				685E7E6929ED8F23000DEE33 /* Base */,
			);
			name = LaunchScreen.storyboard;
			sourceTree = "<group>";
		};
/* End PBXVariantGroup section */

/* Begin XCBuildConfiguration section */
		685E7E6C29ED8F23000DEE33 /* Debug */ = {
			isa = XCBuildConfiguration;
			buildSettings = {
				ALWAYS_SEARCH_USER_PATHS = NO;
				CLANG_ANALYZER_NONNULL = YES;
				CLANG_ANALYZER_NUMBER_OBJECT_CONVERSION = YES_AGGRESSIVE;
				CLANG_CXX_LANGUAGE_STANDARD = "gnu++20";
				CLANG_ENABLE_MODULES = YES;
				CLANG_ENABLE_OBJC_ARC = YES;
				CLANG_ENABLE_OBJC_WEAK = YES;
				CLANG_WARN_BLOCK_CAPTURE_AUTORELEASING = YES;
				CLANG_WARN_BOOL_CONVERSION = YES;
				CLANG_WARN_COMMA = YES;
				CLANG_WARN_CONSTANT_CONVERSION = YES;
				CLANG_WARN_DEPRECATED_OBJC_IMPLEMENTATIONS = YES;
				CLANG_WARN_DIRECT_OBJC_ISA_USAGE = YES_ERROR;
				CLANG_WARN_DOCUMENTATION_COMMENTS = YES;
				CLANG_WARN_EMPTY_BODY = YES;
				CLANG_WARN_ENUM_CONVERSION = YES;
				CLANG_WARN_INFINITE_RECURSION = YES;
				CLANG_WARN_INT_CONVERSION = YES;
				CLANG_WARN_NON_LITERAL_NULL_CONVERSION = YES;
				CLANG_WARN_OBJC_IMPLICIT_RETAIN_SELF = YES;
				CLANG_WARN_OBJC_LITERAL_CONVERSION = YES;
				CLANG_WARN_OBJC_ROOT_CLASS = YES_ERROR;
				CLANG_WARN_QUOTED_INCLUDE_IN_FRAMEWORK_HEADER = YES;
				CLANG_WARN_RANGE_LOOP_ANALYSIS = YES;
				CLANG_WARN_STRICT_PROTOTYPES = YES;
				CLANG_WARN_SUSPICIOUS_MOVE = YES;
				CLANG_WARN_UNGUARDED_AVAILABILITY = YES_AGGRESSIVE;
				CLANG_WARN_UNREACHABLE_CODE = YES;
				CLANG_WARN__DUPLICATE_METHOD_MATCH = YES;
				COPY_PHASE_STRIP = NO;
				DEBUG_INFORMATION_FORMAT = dwarf;
				ENABLE_STRICT_OBJC_MSGSEND = YES;
				ENABLE_TESTABILITY = YES;
				GCC_C_LANGUAGE_STANDARD = gnu11;
				GCC_DYNAMIC_NO_PIC = NO;
				GCC_NO_COMMON_BLOCKS = YES;
				GCC_OPTIMIZATION_LEVEL = 0;
				GCC_PREPROCESSOR_DEFINITIONS = (
					"DEBUG=1",
					"$(inherited)",
				);
				GCC_WARN_64_TO_32_BIT_CONVERSION = YES;
				GCC_WARN_ABOUT_RETURN_TYPE = YES_ERROR;
				GCC_WARN_UNDECLARED_SELECTOR = YES;
				GCC_WARN_UNINITIALIZED_AUTOS = YES_AGGRESSIVE;
				GCC_WARN_UNUSED_FUNCTION = YES;
				GCC_WARN_UNUSED_VARIABLE = YES;
				IPHONEOS_DEPLOYMENT_TARGET = 16.4;
				MTL_ENABLE_DEBUG_INFO = INCLUDE_SOURCE;
				MTL_FAST_MATH = YES;
				ONLY_ACTIVE_ARCH = YES;
				SDKROOT = iphoneos;
				SWIFT_ACTIVE_COMPILATION_CONDITIONS = DEBUG;
				SWIFT_OPTIMIZATION_LEVEL = "-Onone";
			};
			name = Debug;
		};
		685E7E6D29ED8F23000DEE33 /* Release */ = {
			isa = XCBuildConfiguration;
			buildSettings = {
				ALWAYS_SEARCH_USER_PATHS = NO;
				CLANG_ANALYZER_NONNULL = YES;
				CLANG_ANALYZER_NUMBER_OBJECT_CONVERSION = YES_AGGRESSIVE;
				CLANG_CXX_LANGUAGE_STANDARD = "gnu++20";
				CLANG_ENABLE_MODULES = YES;
				CLANG_ENABLE_OBJC_ARC = YES;
				CLANG_ENABLE_OBJC_WEAK = YES;
				CLANG_WARN_BLOCK_CAPTURE_AUTORELEASING = YES;
				CLANG_WARN_BOOL_CONVERSION = YES;
				CLANG_WARN_COMMA = YES;
				CLANG_WARN_CONSTANT_CONVERSION = YES;
				CLANG_WARN_DEPRECATED_OBJC_IMPLEMENTATIONS = YES;
				CLANG_WARN_DIRECT_OBJC_ISA_USAGE = YES_ERROR;
				CLANG_WARN_DOCUMENTATION_COMMENTS = YES;
				CLANG_WARN_EMPTY_BODY = YES;
				CLANG_WARN_ENUM_CONVERSION = YES;
				CLANG_WARN_INFINITE_RECURSION = YES;
				CLANG_WARN_INT_CONVERSION = YES;
				CLANG_WARN_NON_LITERAL_NULL_CONVERSION = YES;
				CLANG_WARN_OBJC_IMPLICIT_RETAIN_SELF = YES;
				CLANG_WARN_OBJC_LITERAL_CONVERSION = YES;
				CLANG_WARN_OBJC_ROOT_CLASS = YES_ERROR;
				CLANG_WARN_QUOTED_INCLUDE_IN_FRAMEWORK_HEADER = YES;
				CLANG_WARN_RANGE_LOOP_ANALYSIS = YES;
				CLANG_WARN_STRICT_PROTOTYPES = YES;
				CLANG_WARN_SUSPICIOUS_MOVE = YES;
				CLANG_WARN_UNGUARDED_AVAILABILITY = YES_AGGRESSIVE;
				CLANG_WARN_UNREACHABLE_CODE = YES;
				CLANG_WARN__DUPLICATE_METHOD_MATCH = YES;
				COPY_PHASE_STRIP = NO;
				DEBUG_INFORMATION_FORMAT = "dwarf-with-dsym";
				ENABLE_NS_ASSERTIONS = NO;
				ENABLE_STRICT_OBJC_MSGSEND = YES;
				GCC_C_LANGUAGE_STANDARD = gnu11;
				GCC_NO_COMMON_BLOCKS = YES;
				GCC_WARN_64_TO_32_BIT_CONVERSION = YES;
				GCC_WARN_ABOUT_RETURN_TYPE = YES_ERROR;
				GCC_WARN_UNDECLARED_SELECTOR = YES;
				GCC_WARN_UNINITIALIZED_AUTOS = YES_AGGRESSIVE;
				GCC_WARN_UNUSED_FUNCTION = YES;
				GCC_WARN_UNUSED_VARIABLE = YES;
				IPHONEOS_DEPLOYMENT_TARGET = 16.4;
				MTL_ENABLE_DEBUG_INFO = NO;
				MTL_FAST_MATH = YES;
				SDKROOT = iphoneos;
				SWIFT_COMPILATION_MODE = wholemodule;
				SWIFT_OPTIMIZATION_LEVEL = "-O";
				VALIDATE_PRODUCT = YES;
			};
			name = Release;
		};
		685E7E6F29ED8F23000DEE33 /* Debug */ = {
			isa = XCBuildConfiguration;
			buildSettings = {
				ASSETCATALOG_COMPILER_APPICON_NAME = AppIcon;
				ASSETCATALOG_COMPILER_GLOBAL_ACCENT_COLOR_NAME = AccentColor;
				CODE_SIGN_STYLE = Automatic;
				CURRENT_PROJECT_VERSION = 1;
				DEVELOPMENT_TEAM = 5UT44ZH347;
				GENERATE_INFOPLIST_FILE = YES;
				INFOPLIST_FILE = TableList/Info.plist;
				INFOPLIST_KEY_UIApplicationSupportsIndirectInputEvents = YES;
				INFOPLIST_KEY_UILaunchStoryboardName = LaunchScreen;
				INFOPLIST_KEY_UIMainStoryboardFile = Main;
				INFOPLIST_KEY_UISupportedInterfaceOrientations_iPad = "UIInterfaceOrientationPortrait UIInterfaceOrientationPortraitUpsideDown UIInterfaceOrientationLandscapeLeft UIInterfaceOrientationLandscapeRight";
				INFOPLIST_KEY_UISupportedInterfaceOrientations_iPhone = "UIInterfaceOrientationPortrait UIInterfaceOrientationLandscapeLeft UIInterfaceOrientationLandscapeRight";
				LD_RUNPATH_SEARCH_PATHS = (
					"$(inherited)",
					"@executable_path/Frameworks",
				);
				MARKETING_VERSION = 1.0;
				PRODUCT_BUNDLE_IDENTIFIER = com.iosbootcamp.TableList;
				PRODUCT_NAME = "$(TARGET_NAME)";
				SWIFT_EMIT_LOC_STRINGS = YES;
				SWIFT_VERSION = 5.0;
				TARGETED_DEVICE_FAMILY = "1,2";
			};
			name = Debug;
		};
		685E7E7029ED8F23000DEE33 /* Release */ = {
			isa = XCBuildConfiguration;
			buildSettings = {
				ASSETCATALOG_COMPILER_APPICON_NAME = AppIcon;
				ASSETCATALOG_COMPILER_GLOBAL_ACCENT_COLOR_NAME = AccentColor;
				CODE_SIGN_STYLE = Automatic;
				CURRENT_PROJECT_VERSION = 1;
				DEVELOPMENT_TEAM = 5UT44ZH347;
				GENERATE_INFOPLIST_FILE = YES;
				INFOPLIST_FILE = TableList/Info.plist;
				INFOPLIST_KEY_UIApplicationSupportsIndirectInputEvents = YES;
				INFOPLIST_KEY_UILaunchStoryboardName = LaunchScreen;
				INFOPLIST_KEY_UIMainStoryboardFile = Main;
				INFOPLIST_KEY_UISupportedInterfaceOrientations_iPad = "UIInterfaceOrientationPortrait UIInterfaceOrientationPortraitUpsideDown UIInterfaceOrientationLandscapeLeft UIInterfaceOrientationLandscapeRight";
				INFOPLIST_KEY_UISupportedInterfaceOrientations_iPhone = "UIInterfaceOrientationPortrait UIInterfaceOrientationLandscapeLeft UIInterfaceOrientationLandscapeRight";
				LD_RUNPATH_SEARCH_PATHS = (
					"$(inherited)",
					"@executable_path/Frameworks",
				);
				MARKETING_VERSION = 1.0;
				PRODUCT_BUNDLE_IDENTIFIER = com.iosbootcamp.TableList;
				PRODUCT_NAME = "$(TARGET_NAME)";
				SWIFT_EMIT_LOC_STRINGS = YES;
				SWIFT_VERSION = 5.0;
				TARGETED_DEVICE_FAMILY = "1,2";
			};
			name = Release;
		};
/* End XCBuildConfiguration section */

/* Begin XCConfigurationList section */
		685E7E5529ED8F22000DEE33 /* Build configuration list for PBXProject "TableList" */ = {
			isa = XCConfigurationList;
			buildConfigurations = (
				685E7E6C29ED8F23000DEE33 /* Debug */,
				685E7E6D29ED8F23000DEE33 /* Release */,
			);
			defaultConfigurationIsVisible = 0;
			defaultConfigurationName = Release;
		};
		685E7E6E29ED8F23000DEE33 /* Build configuration list for PBXNativeTarget "TableList" */ = {
			isa = XCConfigurationList;
			buildConfigurations = (
				685E7E6F29ED8F23000DEE33 /* Debug */,
				685E7E7029ED8F23000DEE33 /* Release */,
			);
			defaultConfigurationIsVisible = 0;
			defaultConfigurationName = Release;
		};
/* End XCConfigurationList section */
	};
	rootObject = 685E7E5229ED8F22000DEE33 /* Project object */;
}
